// !$*UTF8*$!
{
	archiveVersion = 1;
	classes = {
	};
	objectVersion = 56;
	objects = {

/* Begin PBXBuildFile section */
		E43018652D0F66A400E239AD /* NavigationBar.swift in Sources */ = {isa = PBXBuildFile; fileRef = E43018642D0F66A400E239AD /* NavigationBar.swift */; };
		E43018692D0F6C2700E239AD /* ButtonItem.swift in Sources */ = {isa = PBXBuildFile; fileRef = E43018682D0F6C2700E239AD /* ButtonItem.swift */; };
		E430186B2D0F6F7700E239AD /* SignUpScreen.swift in Sources */ = {isa = PBXBuildFile; fileRef = E430186A2D0F6F7700E239AD /* SignUpScreen.swift */; };
		E430186D2D0F701000E239AD /* TextFieldItem.swift in Sources */ = {isa = PBXBuildFile; fileRef = E430186C2D0F701000E239AD /* TextFieldItem.swift */; };
		E43018712D0F73AC00E239AD /* SignInScreen.swift in Sources */ = {isa = PBXBuildFile; fileRef = E43018702D0F73AC00E239AD /* SignInScreen.swift */; };
		E47AF0DD2D0B662200C3444F /* Music_RoomApp.swift in Sources */ = {isa = PBXBuildFile; fileRef = E47AF0DC2D0B662200C3444F /* Music_RoomApp.swift */; };
		E47AF0DF2D0B662200C3444F /* ContentView.swift in Sources */ = {isa = PBXBuildFile; fileRef = E47AF0DE2D0B662200C3444F /* ContentView.swift */; };
		E47AF0E12D0B662200C3444F /* Item.swift in Sources */ = {isa = PBXBuildFile; fileRef = E47AF0E02D0B662200C3444F /* Item.swift */; };
		E47AF0E32D0B662400C3444F /* Assets.xcassets in Resources */ = {isa = PBXBuildFile; fileRef = E47AF0E22D0B662400C3444F /* Assets.xcassets */; };
		E47AF0E62D0B662400C3444F /* Preview Assets.xcassets in Resources */ = {isa = PBXBuildFile; fileRef = E47AF0E52D0B662400C3444F /* Preview Assets.xcassets */; };
/* End PBXBuildFile section */

/* Begin PBXFileReference section */
		E43018642D0F66A400E239AD /* NavigationBar.swift */ = {isa = PBXFileReference; lastKnownFileType = sourcecode.swift; path = NavigationBar.swift; sourceTree = "<group>"; };
		E43018682D0F6C2700E239AD /* ButtonItem.swift */ = {isa = PBXFileReference; lastKnownFileType = sourcecode.swift; path = ButtonItem.swift; sourceTree = "<group>"; };
		E430186A2D0F6F7700E239AD /* SignUpScreen.swift */ = {isa = PBXFileReference; lastKnownFileType = sourcecode.swift; path = SignUpScreen.swift; sourceTree = "<group>"; };
		E430186C2D0F701000E239AD /* TextFieldItem.swift */ = {isa = PBXFileReference; lastKnownFileType = sourcecode.swift; path = TextFieldItem.swift; sourceTree = "<group>"; };
		E43018702D0F73AC00E239AD /* SignInScreen.swift */ = {isa = PBXFileReference; lastKnownFileType = sourcecode.swift; path = SignInScreen.swift; sourceTree = "<group>"; };
		E47AF0D92D0B662200C3444F /* Music Room.app */ = {isa = PBXFileReference; explicitFileType = wrapper.application; includeInIndex = 0; path = "Music Room.app"; sourceTree = BUILT_PRODUCTS_DIR; };
		E47AF0DC2D0B662200C3444F /* Music_RoomApp.swift */ = {isa = PBXFileReference; lastKnownFileType = sourcecode.swift; path = Music_RoomApp.swift; sourceTree = "<group>"; };
		E47AF0DE2D0B662200C3444F /* ContentView.swift */ = {isa = PBXFileReference; lastKnownFileType = sourcecode.swift; path = ContentView.swift; sourceTree = "<group>"; };
		E47AF0E02D0B662200C3444F /* Item.swift */ = {isa = PBXFileReference; lastKnownFileType = sourcecode.swift; path = Item.swift; sourceTree = "<group>"; };
		E47AF0E22D0B662400C3444F /* Assets.xcassets */ = {isa = PBXFileReference; lastKnownFileType = folder.assetcatalog; path = Assets.xcassets; sourceTree = "<group>"; };
		E47AF0E52D0B662400C3444F /* Preview Assets.xcassets */ = {isa = PBXFileReference; lastKnownFileType = folder.assetcatalog; path = "Preview Assets.xcassets"; sourceTree = "<group>"; };
/* End PBXFileReference section */

/* Begin PBXFrameworksBuildPhase section */
		E47AF0D62D0B662200C3444F /* Frameworks */ = {
			isa = PBXFrameworksBuildPhase;
			buildActionMask = 2147483647;
			files = (
			);
			runOnlyForDeploymentPostprocessing = 0;
		};
/* End PBXFrameworksBuildPhase section */

/* Begin PBXGroup section */
		E43018602D0F665500E239AD /* Authentification */ = {
			isa = PBXGroup;
			children = (
				E43018612D0F667100E239AD /* ui */,
				E47AF0DE2D0B662200C3444F /* ContentView.swift */,
				E43018702D0F73AC00E239AD /* SignInScreen.swift */,
				E430186A2D0F6F7700E239AD /* SignUpScreen.swift */,
			);
			path = Authentification;
			sourceTree = "<group>";
		};
		E43018612D0F667100E239AD /* ui */ = {
			isa = PBXGroup;
			children = (
				E43018642D0F66A400E239AD /* NavigationBar.swift */,
				E43018682D0F6C2700E239AD /* ButtonItem.swift */,
				E430186C2D0F701000E239AD /* TextFieldItem.swift */,
			);
			path = ui;
			sourceTree = "<group>";
		};
		E47AF0D02D0B662200C3444F = {
			isa = PBXGroup;
			children = (
				E47AF0DB2D0B662200C3444F /* Music Room */,
				E47AF0DA2D0B662200C3444F /* Products */,
			);
			sourceTree = "<group>";
		};
		E47AF0DA2D0B662200C3444F /* Products */ = {
			isa = PBXGroup;
			children = (
				E47AF0D92D0B662200C3444F /* Music Room.app */,
			);
			name = Products;
			sourceTree = "<group>";
		};
		E47AF0DB2D0B662200C3444F /* Music Room */ = {
			isa = PBXGroup;
			children = (
				E43018602D0F665500E239AD /* Authentification */,
				E47AF0DC2D0B662200C3444F /* Music_RoomApp.swift */,
				E47AF0E02D0B662200C3444F /* Item.swift */,
				E47AF0E22D0B662400C3444F /* Assets.xcassets */,
				E47AF0E42D0B662400C3444F /* Preview Content */,
			);
			path = "Music Room";
			sourceTree = "<group>";
		};
		E47AF0E42D0B662400C3444F /* Preview Content */ = {
			isa = PBXGroup;
			children = (
				E47AF0E52D0B662400C3444F /* Preview Assets.xcassets */,
			);
			path = "Preview Content";
			sourceTree = "<group>";
		};
/* End PBXGroup section */

/* Begin PBXNativeTarget section */
		E47AF0D82D0B662200C3444F /* Music Room */ = {
			isa = PBXNativeTarget;
			buildConfigurationList = E47AF0E92D0B662400C3444F /* Build configuration list for PBXNativeTarget "Music Room" */;
			buildPhases = (
				E47AF0D52D0B662200C3444F /* Sources */,
				E47AF0D62D0B662200C3444F /* Frameworks */,
				E47AF0D72D0B662200C3444F /* Resources */,
			);
			buildRules = (
			);
			dependencies = (
			);
			name = "Music Room";
			productName = "Music Room";
			productReference = E47AF0D92D0B662200C3444F /* Music Room.app */;
			productType = "com.apple.product-type.application";
		};
/* End PBXNativeTarget section */

/* Begin PBXProject section */
		E47AF0D12D0B662200C3444F /* Project object */ = {
			isa = PBXProject;
			attributes = {
				BuildIndependentTargetsInParallel = 1;
				LastSwiftUpdateCheck = 1540;
				LastUpgradeCheck = 1540;
				TargetAttributes = {
					E47AF0D82D0B662200C3444F = {
						CreatedOnToolsVersion = 15.4;
					};
				};
			};
			buildConfigurationList = E47AF0D42D0B662200C3444F /* Build configuration list for PBXProject "Music Room" */;
			compatibilityVersion = "Xcode 14.0";
			developmentRegion = en;
			hasScannedForEncodings = 0;
			knownRegions = (
				en,
				Base,
			);
			mainGroup = E47AF0D02D0B662200C3444F;
			productRefGroup = E47AF0DA2D0B662200C3444F /* Products */;
			projectDirPath = "";
			projectRoot = "";
			targets = (
				E47AF0D82D0B662200C3444F /* Music Room */,
			);
		};
/* End PBXProject section */

/* Begin PBXResourcesBuildPhase section */
		E47AF0D72D0B662200C3444F /* Resources */ = {
			isa = PBXResourcesBuildPhase;
			buildActionMask = 2147483647;
			files = (
				E47AF0E62D0B662400C3444F /* Preview Assets.xcassets in Resources */,
				E47AF0E32D0B662400C3444F /* Assets.xcassets in Resources */,
			);
			runOnlyForDeploymentPostprocessing = 0;
		};
/* End PBXResourcesBuildPhase section */

/* Begin PBXSourcesBuildPhase section */
		E47AF0D52D0B662200C3444F /* Sources */ = {
			isa = PBXSourcesBuildPhase;
			buildActionMask = 2147483647;
			files = (
				E47AF0DF2D0B662200C3444F /* ContentView.swift in Sources */,
				E43018692D0F6C2700E239AD /* ButtonItem.swift in Sources */,
				E47AF0E12D0B662200C3444F /* Item.swift in Sources */,
				E430186D2D0F701000E239AD /* TextFieldItem.swift in Sources */,
				E47AF0DD2D0B662200C3444F /* Music_RoomApp.swift in Sources */,
				E43018652D0F66A400E239AD /* NavigationBar.swift in Sources */,
				E430186B2D0F6F7700E239AD /* SignUpScreen.swift in Sources */,
				E43018712D0F73AC00E239AD /* SignInScreen.swift in Sources */,
			);
			runOnlyForDeploymentPostprocessing = 0;
		};
/* End PBXSourcesBuildPhase section */

/* Begin XCBuildConfiguration section */
		E47AF0E72D0B662400C3444F /* Debug */ = {
			isa = XCBuildConfiguration;
			buildSettings = {
				ALWAYS_SEARCH_USER_PATHS = NO;
				ASSETCATALOG_COMPILER_GENERATE_SWIFT_ASSET_SYMBOL_EXTENSIONS = YES;
				CLANG_ANALYZER_NONNULL = YES;
				CLANG_ANALYZER_NUMBER_OBJECT_CONVERSION = YES_AGGRESSIVE;
				CLANG_CXX_LANGUAGE_STANDARD = "gnu++20";
				CLANG_ENABLE_MODULES = YES;
				CLANG_ENABLE_OBJC_ARC = YES;
				CLANG_ENABLE_OBJC_WEAK = YES;
				CLANG_WARN_BLOCK_CAPTURE_AUTORELEASING = YES;
				CLANG_WARN_BOOL_CONVERSION = YES;
				CLANG_WARN_COMMA = YES;
				CLANG_WARN_CONSTANT_CONVERSION = YES;
				CLANG_WARN_DEPRECATED_OBJC_IMPLEMENTATIONS = YES;
				CLANG_WARN_DIRECT_OBJC_ISA_USAGE = YES_ERROR;
				CLANG_WARN_DOCUMENTATION_COMMENTS = YES;
				CLANG_WARN_EMPTY_BODY = YES;
				CLANG_WARN_ENUM_CONVERSION = YES;
				CLANG_WARN_INFINITE_RECURSION = YES;
				CLANG_WARN_INT_CONVERSION = YES;
				CLANG_WARN_NON_LITERAL_NULL_CONVERSION = YES;
				CLANG_WARN_OBJC_IMPLICIT_RETAIN_SELF = YES;
				CLANG_WARN_OBJC_LITERAL_CONVERSION = YES;
				CLANG_WARN_OBJC_ROOT_CLASS = YES_ERROR;
				CLANG_WARN_QUOTED_INCLUDE_IN_FRAMEWORK_HEADER = YES;
				CLANG_WARN_RANGE_LOOP_ANALYSIS = YES;
				CLANG_WARN_STRICT_PROTOTYPES = YES;
				CLANG_WARN_SUSPICIOUS_MOVE = YES;
				CLANG_WARN_UNGUARDED_AVAILABILITY = YES_AGGRESSIVE;
				CLANG_WARN_UNREACHABLE_CODE = YES;
				CLANG_WARN__DUPLICATE_METHOD_MATCH = YES;
				COPY_PHASE_STRIP = NO;
				DEBUG_INFORMATION_FORMAT = dwarf;
				ENABLE_STRICT_OBJC_MSGSEND = YES;
				ENABLE_TESTABILITY = YES;
				ENABLE_USER_SCRIPT_SANDBOXING = YES;
				GCC_C_LANGUAGE_STANDARD = gnu17;
				GCC_DYNAMIC_NO_PIC = NO;
				GCC_NO_COMMON_BLOCKS = YES;
				GCC_OPTIMIZATION_LEVEL = 0;
				GCC_PREPROCESSOR_DEFINITIONS = (
					"DEBUG=1",
					"$(inherited)",
				);
				GCC_WARN_64_TO_32_BIT_CONVERSION = YES;
				GCC_WARN_ABOUT_RETURN_TYPE = YES_ERROR;
				GCC_WARN_UNDECLARED_SELECTOR = YES;
				GCC_WARN_UNINITIALIZED_AUTOS = YES_AGGRESSIVE;
				GCC_WARN_UNUSED_FUNCTION = YES;
				GCC_WARN_UNUSED_VARIABLE = YES;
				IPHONEOS_DEPLOYMENT_TARGET = 17.5;
				LOCALIZATION_PREFERS_STRING_CATALOGS = YES;
				MTL_ENABLE_DEBUG_INFO = INCLUDE_SOURCE;
				MTL_FAST_MATH = YES;
				ONLY_ACTIVE_ARCH = YES;
				SDKROOT = iphoneos;
				SWIFT_ACTIVE_COMPILATION_CONDITIONS = "DEBUG $(inherited)";
				SWIFT_OPTIMIZATION_LEVEL = "-Onone";
			};
			name = Debug;
		};
		E47AF0E82D0B662400C3444F /* Release */ = {
			isa = XCBuildConfiguration;
			buildSettings = {
				ALWAYS_SEARCH_USER_PATHS = NO;
				ASSETCATALOG_COMPILER_GENERATE_SWIFT_ASSET_SYMBOL_EXTENSIONS = YES;
				CLANG_ANALYZER_NONNULL = YES;
				CLANG_ANALYZER_NUMBER_OBJECT_CONVERSION = YES_AGGRESSIVE;
				CLANG_CXX_LANGUAGE_STANDARD = "gnu++20";
				CLANG_ENABLE_MODULES = YES;
				CLANG_ENABLE_OBJC_ARC = YES;
				CLANG_ENABLE_OBJC_WEAK = YES;
				CLANG_WARN_BLOCK_CAPTURE_AUTORELEASING = YES;
				CLANG_WARN_BOOL_CONVERSION = YES;
				CLANG_WARN_COMMA = YES;
				CLANG_WARN_CONSTANT_CONVERSION = YES;
				CLANG_WARN_DEPRECATED_OBJC_IMPLEMENTATIONS = YES;
				CLANG_WARN_DIRECT_OBJC_ISA_USAGE = YES_ERROR;
				CLANG_WARN_DOCUMENTATION_COMMENTS = YES;
				CLANG_WARN_EMPTY_BODY = YES;
				CLANG_WARN_ENUM_CONVERSION = YES;
				CLANG_WARN_INFINITE_RECURSION = YES;
				CLANG_WARN_INT_CONVERSION = YES;
				CLANG_WARN_NON_LITERAL_NULL_CONVERSION = YES;
				CLANG_WARN_OBJC_IMPLICIT_RETAIN_SELF = YES;
				CLANG_WARN_OBJC_LITERAL_CONVERSION = YES;
				CLANG_WARN_OBJC_ROOT_CLASS = YES_ERROR;
				CLANG_WARN_QUOTED_INCLUDE_IN_FRAMEWORK_HEADER = YES;
				CLANG_WARN_RANGE_LOOP_ANALYSIS = YES;
				CLANG_WARN_STRICT_PROTOTYPES = YES;
				CLANG_WARN_SUSPICIOUS_MOVE = YES;
				CLANG_WARN_UNGUARDED_AVAILABILITY = YES_AGGRESSIVE;
				CLANG_WARN_UNREACHABLE_CODE = YES;
				CLANG_WARN__DUPLICATE_METHOD_MATCH = YES;
				COPY_PHASE_STRIP = NO;
				DEBUG_INFORMATION_FORMAT = "dwarf-with-dsym";
				ENABLE_NS_ASSERTIONS = NO;
				ENABLE_STRICT_OBJC_MSGSEND = YES;
				ENABLE_USER_SCRIPT_SANDBOXING = YES;
				GCC_C_LANGUAGE_STANDARD = gnu17;
				GCC_NO_COMMON_BLOCKS = YES;
				GCC_WARN_64_TO_32_BIT_CONVERSION = YES;
				GCC_WARN_ABOUT_RETURN_TYPE = YES_ERROR;
				GCC_WARN_UNDECLARED_SELECTOR = YES;
				GCC_WARN_UNINITIALIZED_AUTOS = YES_AGGRESSIVE;
				GCC_WARN_UNUSED_FUNCTION = YES;
				GCC_WARN_UNUSED_VARIABLE = YES;
				IPHONEOS_DEPLOYMENT_TARGET = 17.5;
				LOCALIZATION_PREFERS_STRING_CATALOGS = YES;
				MTL_ENABLE_DEBUG_INFO = NO;
				MTL_FAST_MATH = YES;
				SDKROOT = iphoneos;
				SWIFT_COMPILATION_MODE = wholemodule;
				VALIDATE_PRODUCT = YES;
			};
			name = Release;
		};
		E47AF0EA2D0B662400C3444F /* Debug */ = {
			isa = XCBuildConfiguration;
			buildSettings = {
				ASSETCATALOG_COMPILER_APPICON_NAME = AppIcon;
				ASSETCATALOG_COMPILER_GLOBAL_ACCENT_COLOR_NAME = AccentColor;
				CODE_SIGN_STYLE = Automatic;
				CURRENT_PROJECT_VERSION = 1;
				DEVELOPMENT_ASSET_PATHS = "\"Music Room/Preview Content\"";
				DEVELOPMENT_TEAM = UK8RD75RYT;
				ENABLE_PREVIEWS = YES;
				GENERATE_INFOPLIST_FILE = YES;
				INFOPLIST_KEY_UIApplicationSceneManifest_Generation = YES;
				INFOPLIST_KEY_UIApplicationSupportsIndirectInputEvents = YES;
				INFOPLIST_KEY_UILaunchScreen_Generation = YES;
				INFOPLIST_KEY_UISupportedInterfaceOrientations_iPad = "UIInterfaceOrientationPortrait UIInterfaceOrientationPortraitUpsideDown UIInterfaceOrientationLandscapeLeft UIInterfaceOrientationLandscapeRight";
				INFOPLIST_KEY_UISupportedInterfaceOrientations_iPhone = "UIInterfaceOrientationPortrait UIInterfaceOrientationLandscapeLeft UIInterfaceOrientationLandscapeRight";
				LD_RUNPATH_SEARCH_PATHS = (
					"$(inherited)",
					"@executable_path/Frameworks",
				);
				MARKETING_VERSION = 1.0;
				PRODUCT_BUNDLE_IDENTIFIER = "com.nathan.Music-Room";
				PRODUCT_NAME = "$(TARGET_NAME)";
				SWIFT_EMIT_LOC_STRINGS = YES;
				SWIFT_VERSION = 5.0;
				TARGETED_DEVICE_FAMILY = "1,2";
			};
			name = Debug;
		};
		E47AF0EB2D0B662400C3444F /* Release */ = {
			isa = XCBuildConfiguration;
			buildSettings = {
				ASSETCATALOG_COMPILER_APPICON_NAME = AppIcon;
				ASSETCATALOG_COMPILER_GLOBAL_ACCENT_COLOR_NAME = AccentColor;
				CODE_SIGN_STYLE = Automatic;
				CURRENT_PROJECT_VERSION = 1;
				DEVELOPMENT_ASSET_PATHS = "\"Music Room/Preview Content\"";
				DEVELOPMENT_TEAM = UK8RD75RYT;
				ENABLE_PREVIEWS = YES;
				GENERATE_INFOPLIST_FILE = YES;
				INFOPLIST_KEY_UIApplicationSceneManifest_Generation = YES;
				INFOPLIST_KEY_UIApplicationSupportsIndirectInputEvents = YES;
				INFOPLIST_KEY_UILaunchScreen_Generation = YES;
				INFOPLIST_KEY_UISupportedInterfaceOrientations_iPad = "UIInterfaceOrientationPortrait UIInterfaceOrientationPortraitUpsideDown UIInterfaceOrientationLandscapeLeft UIInterfaceOrientationLandscapeRight";
				INFOPLIST_KEY_UISupportedInterfaceOrientations_iPhone = "UIInterfaceOrientationPortrait UIInterfaceOrientationLandscapeLeft UIInterfaceOrientationLandscapeRight";
				LD_RUNPATH_SEARCH_PATHS = (
					"$(inherited)",
					"@executable_path/Frameworks",
				);
				MARKETING_VERSION = 1.0;
				PRODUCT_BUNDLE_IDENTIFIER = "com.nathan.Music-Room";
				PRODUCT_NAME = "$(TARGET_NAME)";
				SWIFT_EMIT_LOC_STRINGS = YES;
				SWIFT_VERSION = 5.0;
				TARGETED_DEVICE_FAMILY = "1,2";
			};
			name = Release;
		};
/* End XCBuildConfiguration section */

/* Begin XCConfigurationList section */
		E47AF0D42D0B662200C3444F /* Build configuration list for PBXProject "Music Room" */ = {
			isa = XCConfigurationList;
			buildConfigurations = (
				E47AF0E72D0B662400C3444F /* Debug */,
				E47AF0E82D0B662400C3444F /* Release */,
			);
			defaultConfigurationIsVisible = 0;
			defaultConfigurationName = Release;
		};
		E47AF0E92D0B662400C3444F /* Build configuration list for PBXNativeTarget "Music Room" */ = {
			isa = XCConfigurationList;
			buildConfigurations = (
				E47AF0EA2D0B662400C3444F /* Debug */,
				E47AF0EB2D0B662400C3444F /* Release */,
			);
			defaultConfigurationIsVisible = 0;
			defaultConfigurationName = Release;
		};
/* End XCConfigurationList section */
	};
	rootObject = E47AF0D12D0B662200C3444F /* Project object */;
}
